PODS:
  - Alamofire (4.5.1)
  - BMPlayer (1.0.0):
    - BMPlayer/Full (= 1.0.0)
  - BMPlayer/Core (1.0.0)
  - BMPlayer/Full (1.0.0):
    - BMPlayer/Core
    - NVActivityIndicatorView (~> 4.0.0)
    - SnapKit (~> 4.0.0)
  - Cosmos (12.0.1)
  - DKImagePickerController (3.8.1):
    - DKImagePickerController/Camera (= 3.8.1)
    - DKImagePickerController/ImageManager (= 3.8.1)
  - DKImagePickerController/Camera (3.8.1)
  - DKImagePickerController/ImageManager (3.8.1)
  - FMDB (2.6.2):
    - FMDB/standard (= 2.6.2)
  - FMDB/standard (2.6.2)
  - IQKeyboardManagerSwift (5.0.6)
  - JCore (1.2.5)
  - JMessage (3.7.0):
    - JCore (~> 1.0)
  - Kingfisher (4.2.0)
  - MBProgressHUD (1.0.0)
  - MJRefresh (3.1.15)
  - NVActivityIndicatorView (4.0.0):
    - NVActivityIndicatorView/Presenter (= 4.0.0)
  - NVActivityIndicatorView/Presenter (4.0.0)
  - SKPhotoBrowser (4.1.1)
  - SnapKit (4.0.0)
  - SwiftyJSON (3.1.4)
  - WechatOpenSDK (1.8.3)

DEPENDENCIES:
  - Alamofire (~> 4.5.1)
  - BMPlayer
  - Cosmos (~> 12.0.1)
  - DKImagePickerController
  - FMDB (~> 2.6.2)
  - IQKeyboardManagerSwift (~> 5.0.6)
  - JMessage
  - Kingfisher (~> 4.2.0)
  - MBProgressHUD (~> 1.0.0)
  - MJRefresh
  - SKPhotoBrowser
  - SnapKit (~> 4.0.0)
  - SwiftyJSON
  - WechatOpenSDK

SPEC REPOS:
  https://github.com/cocoapods/specs.git:
    - Alamofire
    - BMPlayer
    - Cosmos
    - DKImagePickerController
    - FMDB
    - IQKeyboardManagerSwift
    - JCore
    - JMessage
    - Kingfisher
    - MBProgressHUD
    - MJRefresh
    - NVActivityIndicatorView
    - SKPhotoBrowser
    - SnapKit
    - SwiftyJSON
    - WechatOpenSDK

SPEC CHECKSUMS:
  Alamofire: 2d95912bf4c34f164fdfc335872e8c312acaea4a
  BMPlayer: 06717ac5daf25d403329df24667abe2354dd9b17
  Cosmos: 4a9f57998a08788a1062c7b8eefbc62d2b590f39
  DKImagePickerController: 51ad6ee2ba05414bb741db54a72cd7f4fb178e34
  FMDB: 854a0341b4726e53276f2a8996f06f1b80f9259a
  IQKeyboardManagerSwift: 02bfbb0dff71c66d0ab77d80d25dfce0c3717735
  JCore: 14706de2640b25fb77dbd02332696491407f37c9
  JMessage: 90c194ca878a1724694da320aad4867b489276e9
  Kingfisher: 9ee7e788d8ba07c3f21ce0d43f33cec310a4f781
  MBProgressHUD: 4890f671c94e8a0f3cf959aa731e9de2f036d71a
  MJRefresh: 9af70f5f9327a2cf87f0fb5929f35fcc2fa638ea
  NVActivityIndicatorView: 54c9b93b6f25a4f467512680c0c90c09a1095cf2
  SKPhotoBrowser: aa02de50f56d80fac23f543e40847af6b360e4b3
  SnapKit: a42d492c16e80209130a3379f73596c3454b7694
  SwiftyJSON: c2842d878f95482ffceec5709abc3d05680c0220
  WechatOpenSDK: 3117412f8aafde4758cac1e8d20b93c67cafcfef

PODFILE CHECKSUM: 6773f5a5c58d5f77679ed55cc172f7e54aeae3f3

COCOAPODS: 1.5.3
